
Microsoft Visual Studio Solution File, Format Version 12.00
# Visual Studio Version 17
VisualStudioVersion = 17.1.32328.378
MinimumVisualStudioVersion = 10.0.40219.1
Project("{FAE04EC0-301F-11D3-BF4B-00C04F79EFBC}") = "ServidorMedidorSocket", "ServidorMedidorSocket\ServidorMedidorSocket.csproj", "{7CD77E38-44F3-48F3-AC14-954AC3039894}"
EndProject
Project("{FAE04EC0-301F-11D3-BF4B-00C04F79EFBC}") = "ServidorMedidorModel", "ServidorMedidorDAL\ServidorMedidorModel.csproj", "{FFD55D1A-4A1E-44BE-8912-13703C8AC311}"
EndProject
Project("{FAE04EC0-301F-11D3-BF4B-00C04F79EFBC}") = "ServidorSocketUtils", "ServidorSocketUtils\ServidorSocketUtils.csproj", "{48C487B5-927C-47F4-9C3C-05B3F9229C87}"
EndProject
Global
	GlobalSection(SolutionConfigurationPlatforms) = preSolution
		Debug|Any CPU = Debug|Any CPU
		Release|Any CPU = Release|Any CPU
	EndGlobalSection
	GlobalSection(ProjectConfigurationPlatforms) = postSolution
		{7CD77E38-44F3-48F3-AC14-954AC3039894}.Debug|Any CPU.ActiveCfg = Debug|Any CPU
		{7CD77E38-44F3-48F3-AC14-954AC3039894}.Debug|Any CPU.Build.0 = Debug|Any CPU
		{7CD77E38-44F3-48F3-AC14-954AC3039894}.Release|Any CPU.ActiveCfg = Release|Any CPU
		{7CD77E38-44F3-48F3-AC14-954AC3039894}.Release|Any CPU.Build.0 = Release|Any CPU
		{FFD55D1A-4A1E-44BE-8912-13703C8AC311}.Debug|Any CPU.ActiveCfg = Debug|Any CPU
		{FFD55D1A-4A1E-44BE-8912-13703C8AC311}.Debug|Any CPU.Build.0 = Debug|Any CPU
		{FFD55D1A-4A1E-44BE-8912-13703C8AC311}.Release|Any CPU.ActiveCfg = Release|Any CPU
		{FFD55D1A-4A1E-44BE-8912-13703C8AC311}.Release|Any CPU.Build.0 = Release|Any CPU
		{48C487B5-927C-47F4-9C3C-05B3F9229C87}.Debug|Any CPU.ActiveCfg = Debug|Any CPU
		{48C487B5-927C-47F4-9C3C-05B3F9229C87}.Debug|Any CPU.Build.0 = Debug|Any CPU
		{48C487B5-927C-47F4-9C3C-05B3F9229C87}.Release|Any CPU.ActiveCfg = Release|Any CPU
		{48C487B5-927C-47F4-9C3C-05B3F9229C87}.Release|Any CPU.Build.0 = Release|Any CPU
	EndGlobalSection
	GlobalSection(SolutionProperties) = preSolution
		HideSolutionNode = FALSE
	EndGlobalSection
	GlobalSection(ExtensibilityGlobals) = postSolution
		SolutionGuid = {E2738D60-EB62-4A38-B40D-0B16EB8F9247}
	EndGlobalSection
EndGlobal
